
Microsoft Visual Studio Solution File, Format Version 12.00
# Visual Studio Version 16
VisualStudioVersion = 16.0.28803.352
MinimumVisualStudioVersion = 10.0.40219.1
Project("{FAE04EC0-301F-11D3-BF4B-00C04F79EFBC}") = "AnalisisUI", "AnalisisUI\AnalisisUI.csproj", "{4AE407C8-B899-4DA9-AC89-1252478DDFB1}"
EndProject
Project("{FAE04EC0-301F-11D3-BF4B-00C04F79EFBC}") = "Entidades", "Entidades\Entidades.csproj", "{40E35F3D-9C5C-423B-9D37-41C7DDF1849A}"
EndProject
Project("{FAE04EC0-301F-11D3-BF4B-00C04F79EFBC}") = "DAL", "DAL\DAL.csproj", "{51526675-191F-468D-8473-326F374FA1B8}"
EndProject
Project("{FAE04EC0-301F-11D3-BF4B-00C04F79EFBC}") = "BLL", "BLL\BLL.csproj", "{0C661EB4-BAEB-4F2C-B5D7-57BBD82F7D27}"
EndProject
Global
	GlobalSection(SolutionConfigurationPlatforms) = preSolution
		Debug|Any CPU = Debug|Any CPU
		Release|Any CPU = Release|Any CPU
	EndGlobalSection
	GlobalSection(ProjectConfigurationPlatforms) = postSolution
		{4AE407C8-B899-4DA9-AC89-1252478DDFB1}.Debug|Any CPU.ActiveCfg = Debug|Any CPU
		{4AE407C8-B899-4DA9-AC89-1252478DDFB1}.Debug|Any CPU.Build.0 = Debug|Any CPU
		{4AE407C8-B899-4DA9-AC89-1252478DDFB1}.Release|Any CPU.ActiveCfg = Release|Any CPU
		{4AE407C8-B899-4DA9-AC89-1252478DDFB1}.Release|Any CPU.Build.0 = Release|Any CPU
		{40E35F3D-9C5C-423B-9D37-41C7DDF1849A}.Debug|Any CPU.ActiveCfg = Debug|Any CPU
		{40E35F3D-9C5C-423B-9D37-41C7DDF1849A}.Debug|Any CPU.Build.0 = Debug|Any CPU
		{40E35F3D-9C5C-423B-9D37-41C7DDF1849A}.Release|Any CPU.ActiveCfg = Release|Any CPU
		{40E35F3D-9C5C-423B-9D37-41C7DDF1849A}.Release|Any CPU.Build.0 = Release|Any CPU
		{51526675-191F-468D-8473-326F374FA1B8}.Debug|Any CPU.ActiveCfg = Debug|Any CPU
		{51526675-191F-468D-8473-326F374FA1B8}.Debug|Any CPU.Build.0 = Debug|Any CPU
		{51526675-191F-468D-8473-326F374FA1B8}.Release|Any CPU.ActiveCfg = Release|Any CPU
		{51526675-191F-468D-8473-326F374FA1B8}.Release|Any CPU.Build.0 = Release|Any CPU
		{0C661EB4-BAEB-4F2C-B5D7-57BBD82F7D27}.Debug|Any CPU.ActiveCfg = Debug|Any CPU
		{0C661EB4-BAEB-4F2C-B5D7-57BBD82F7D27}.Debug|Any CPU.Build.0 = Debug|Any CPU
		{0C661EB4-BAEB-4F2C-B5D7-57BBD82F7D27}.Release|Any CPU.ActiveCfg = Release|Any CPU
		{0C661EB4-BAEB-4F2C-B5D7-57BBD82F7D27}.Release|Any CPU.Build.0 = Release|Any CPU
	EndGlobalSection
	GlobalSection(SolutionProperties) = preSolution
		HideSolutionNode = FALSE
	EndGlobalSection
	GlobalSection(ExtensibilityGlobals) = postSolution
		SolutionGuid = {F9C3FB03-AE40-4DC6-A068-B9388C0015F4}
	EndGlobalSection
EndGlobal
